
Microsoft Visual Studio Solution File, Format Version 12.00
# Visual Studio Version 16
VisualStudioVersion = 16.0.29503.13
MinimumVisualStudioVersion = 10.0.40219.1
Project("{FAE04EC0-301F-11D3-BF4B-00C04F79EFBC}") = "DigiSouls", "DigiSouls\DigiSouls.csproj", "{9EB339CF-33CA-4E78-A492-31CDAADB238C}"
EndProject
Global
	GlobalSection(SolutionConfigurationPlatforms) = preSolution
		Debug Linux|Any CPU = Debug Linux|Any CPU
		Debug Windows|Any CPU = Debug Windows|Any CPU
		Release Linux|Any CPU = Release Linux|Any CPU
		Release Windows|Any CPU = Release Windows|Any CPU
	EndGlobalSection
	GlobalSection(ProjectConfigurationPlatforms) = postSolution
		{9EB339CF-33CA-4E78-A492-31CDAADB238C}.Debug Linux|Any CPU.ActiveCfg = Debug Linux|Any CPU
		{9EB339CF-33CA-4E78-A492-31CDAADB238C}.Debug Linux|Any CPU.Build.0 = Debug Linux|Any CPU
		{9EB339CF-33CA-4E78-A492-31CDAADB238C}.Debug Windows|Any CPU.ActiveCfg = Debug|Any CPU
		{9EB339CF-33CA-4E78-A492-31CDAADB238C}.Debug Windows|Any CPU.Build.0 = Debug|Any CPU
		{9EB339CF-33CA-4E78-A492-31CDAADB238C}.Release Linux|Any CPU.ActiveCfg = Release Linux|Any CPU
		{9EB339CF-33CA-4E78-A492-31CDAADB238C}.Release Linux|Any CPU.Build.0 = Release Linux|Any CPU
		{9EB339CF-33CA-4E78-A492-31CDAADB238C}.Release Windows|Any CPU.ActiveCfg = Release|Any CPU
		{9EB339CF-33CA-4E78-A492-31CDAADB238C}.Release Windows|Any CPU.Build.0 = Release|Any CPU
	EndGlobalSection
	GlobalSection(SolutionProperties) = preSolution
		HideSolutionNode = FALSE
	EndGlobalSection
	GlobalSection(ExtensibilityGlobals) = postSolution
		SolutionGuid = {55C8A40C-1948-43AC-AC28-C00320A10D4C}
	EndGlobalSection
EndGlobal
